
Microsoft Visual Studio Solution File, Format Version 12.00
# Visual Studio 15
VisualStudioVersion = 15.0.28307.136
MinimumVisualStudioVersion = 10.0.40219.1
Project("{FAE04EC0-301F-11D3-BF4B-00C04F79EFBC}") = "01. Stealer", "01. Stealer\01. Stealer.csproj", "{127D161B-EE9C-4867-9B9D-EE6B3A240B37}"
EndProject
Project("{FAE04EC0-301F-11D3-BF4B-00C04F79EFBC}") = "02. High Quality Mistakes", "02. High Quality Mistakes\02. High Quality Mistakes.csproj", "{47EADDE2-38EB-4471-B57B-71F99309BD95}"
EndProject
Project("{FAE04EC0-301F-11D3-BF4B-00C04F79EFBC}") = "03. Mission Private Impossible", "03. Mission Private Impossible\03. Mission Private Impossible.csproj", "{119FD690-1705-4E35-AD8A-8CF58557BA8F}"
EndProject
Project("{FAE04EC0-301F-11D3-BF4B-00C04F79EFBC}") = "04. Collector", "04. Collector\04. Collector.csproj", "{1181628E-FA9E-435D-9AA1-BDA3002AFE59}"
EndProject
Project("{FAE04EC0-301F-11D3-BF4B-00C04F79EFBC}") = "05. Create Attribute", "05. Create Attribute\05. Create Attribute.csproj", "{85007E6A-E321-4F4C-884F-E5A7E8593A40}"
EndProject
Project("{FAE04EC0-301F-11D3-BF4B-00C04F79EFBC}") = "06. Code Tracker", "06. Code Tracker\06. Code Tracker.csproj", "{6D3BE1D6-01BE-4939-99E9-15254234E8BA}"
EndProject
Global
	GlobalSection(SolutionConfigurationPlatforms) = preSolution
		Debug|Any CPU = Debug|Any CPU
		Release|Any CPU = Release|Any CPU
	EndGlobalSection
	GlobalSection(ProjectConfigurationPlatforms) = postSolution
		{127D161B-EE9C-4867-9B9D-EE6B3A240B37}.Debug|Any CPU.ActiveCfg = Debug|Any CPU
		{127D161B-EE9C-4867-9B9D-EE6B3A240B37}.Debug|Any CPU.Build.0 = Debug|Any CPU
		{127D161B-EE9C-4867-9B9D-EE6B3A240B37}.Release|Any CPU.ActiveCfg = Release|Any CPU
		{127D161B-EE9C-4867-9B9D-EE6B3A240B37}.Release|Any CPU.Build.0 = Release|Any CPU
		{47EADDE2-38EB-4471-B57B-71F99309BD95}.Debug|Any CPU.ActiveCfg = Debug|Any CPU
		{47EADDE2-38EB-4471-B57B-71F99309BD95}.Debug|Any CPU.Build.0 = Debug|Any CPU
		{47EADDE2-38EB-4471-B57B-71F99309BD95}.Release|Any CPU.ActiveCfg = Release|Any CPU
		{47EADDE2-38EB-4471-B57B-71F99309BD95}.Release|Any CPU.Build.0 = Release|Any CPU
		{119FD690-1705-4E35-AD8A-8CF58557BA8F}.Debug|Any CPU.ActiveCfg = Debug|Any CPU
		{119FD690-1705-4E35-AD8A-8CF58557BA8F}.Debug|Any CPU.Build.0 = Debug|Any CPU
		{119FD690-1705-4E35-AD8A-8CF58557BA8F}.Release|Any CPU.ActiveCfg = Release|Any CPU
		{119FD690-1705-4E35-AD8A-8CF58557BA8F}.Release|Any CPU.Build.0 = Release|Any CPU
		{1181628E-FA9E-435D-9AA1-BDA3002AFE59}.Debug|Any CPU.ActiveCfg = Debug|Any CPU
		{1181628E-FA9E-435D-9AA1-BDA3002AFE59}.Debug|Any CPU.Build.0 = Debug|Any CPU
		{1181628E-FA9E-435D-9AA1-BDA3002AFE59}.Release|Any CPU.ActiveCfg = Release|Any CPU
		{1181628E-FA9E-435D-9AA1-BDA3002AFE59}.Release|Any CPU.Build.0 = Release|Any CPU
		{85007E6A-E321-4F4C-884F-E5A7E8593A40}.Debug|Any CPU.ActiveCfg = Debug|Any CPU
		{85007E6A-E321-4F4C-884F-E5A7E8593A40}.Debug|Any CPU.Build.0 = Debug|Any CPU
		{85007E6A-E321-4F4C-884F-E5A7E8593A40}.Release|Any CPU.ActiveCfg = Release|Any CPU
		{85007E6A-E321-4F4C-884F-E5A7E8593A40}.Release|Any CPU.Build.0 = Release|Any CPU
		{6D3BE1D6-01BE-4939-99E9-15254234E8BA}.Debug|Any CPU.ActiveCfg = Debug|Any CPU
		{6D3BE1D6-01BE-4939-99E9-15254234E8BA}.Debug|Any CPU.Build.0 = Debug|Any CPU
		{6D3BE1D6-01BE-4939-99E9-15254234E8BA}.Release|Any CPU.ActiveCfg = Release|Any CPU
		{6D3BE1D6-01BE-4939-99E9-15254234E8BA}.Release|Any CPU.Build.0 = Release|Any CPU
	EndGlobalSection
	GlobalSection(SolutionProperties) = preSolution
		HideSolutionNode = FALSE
	EndGlobalSection
	GlobalSection(ExtensibilityGlobals) = postSolution
		SolutionGuid = {C878040A-BDEE-4E09-8169-8D36A376C4AF}
	EndGlobalSection
EndGlobal
