
Microsoft Visual Studio Solution File, Format Version 12.00
# Visual Studio 15
VisualStudioVersion = 15.0.28307.136
MinimumVisualStudioVersion = 10.0.40219.1
Project("{FAE04EC0-301F-11D3-BF4B-00C04F79EFBC}") = "01. Box", "01. Box\01. Box.csproj", "{3AF06F8F-64B5-4456-BA46-47DADAE7E27D}"
EndProject
Project("{FAE04EC0-301F-11D3-BF4B-00C04F79EFBC}") = "02. Array Creator", "02. Array Creator\02. Array Creator.csproj", "{F96612E7-86D5-488A-8065-8725DB801650}"
EndProject
Project("{FAE04EC0-301F-11D3-BF4B-00C04F79EFBC}") = "03. Generic Scale", "03. Generic Scale\03. Generic Scale.csproj", "{DDF91055-6105-45C3-B1D6-1FC000E17B63}"
EndProject
Global
	GlobalSection(SolutionConfigurationPlatforms) = preSolution
		Debug|Any CPU = Debug|Any CPU
		Release|Any CPU = Release|Any CPU
	EndGlobalSection
	GlobalSection(ProjectConfigurationPlatforms) = postSolution
		{3AF06F8F-64B5-4456-BA46-47DADAE7E27D}.Debug|Any CPU.ActiveCfg = Debug|Any CPU
		{3AF06F8F-64B5-4456-BA46-47DADAE7E27D}.Debug|Any CPU.Build.0 = Debug|Any CPU
		{3AF06F8F-64B5-4456-BA46-47DADAE7E27D}.Release|Any CPU.ActiveCfg = Release|Any CPU
		{3AF06F8F-64B5-4456-BA46-47DADAE7E27D}.Release|Any CPU.Build.0 = Release|Any CPU
		{F96612E7-86D5-488A-8065-8725DB801650}.Debug|Any CPU.ActiveCfg = Debug|Any CPU
		{F96612E7-86D5-488A-8065-8725DB801650}.Debug|Any CPU.Build.0 = Debug|Any CPU
		{F96612E7-86D5-488A-8065-8725DB801650}.Release|Any CPU.ActiveCfg = Release|Any CPU
		{F96612E7-86D5-488A-8065-8725DB801650}.Release|Any CPU.Build.0 = Release|Any CPU
		{DDF91055-6105-45C3-B1D6-1FC000E17B63}.Debug|Any CPU.ActiveCfg = Debug|Any CPU
		{DDF91055-6105-45C3-B1D6-1FC000E17B63}.Debug|Any CPU.Build.0 = Debug|Any CPU
		{DDF91055-6105-45C3-B1D6-1FC000E17B63}.Release|Any CPU.ActiveCfg = Release|Any CPU
		{DDF91055-6105-45C3-B1D6-1FC000E17B63}.Release|Any CPU.Build.0 = Release|Any CPU
	EndGlobalSection
	GlobalSection(SolutionProperties) = preSolution
		HideSolutionNode = FALSE
	EndGlobalSection
	GlobalSection(ExtensibilityGlobals) = postSolution
		SolutionGuid = {4487CADA-523E-44AD-AA68-EDCCC019059A}
	EndGlobalSection
EndGlobal
