
Microsoft Visual Studio Solution File, Format Version 12.00
# Visual Studio 15
VisualStudioVersion = 15.0.28307.136
MinimumVisualStudioVersion = 10.0.40219.1
Project("{FAE04EC0-301F-11D3-BF4B-00C04F79EFBC}") = "01. Diagonal Difference", "01. Diagonal Difference\01. Diagonal Difference.csproj", "{FE1BE826-069F-40F9-B75A-931DB4A7BB7F}"
EndProject
Project("{FAE04EC0-301F-11D3-BF4B-00C04F79EFBC}") = "02. Squares in Matrix", "02. Squares in Matrix\02. Squares in Matrix.csproj", "{D54CE133-D13D-4F65-9A50-3B47F4D14364}"
EndProject
Project("{FAE04EC0-301F-11D3-BF4B-00C04F79EFBC}") = "03. Maximal Sum", "03. Maximal Sum\03. Maximal Sum.csproj", "{8EA51A7B-155E-4E21-8A23-ED490A12372D}"
EndProject
Project("{FAE04EC0-301F-11D3-BF4B-00C04F79EFBC}") = "04. Matrix shuffling", "04. Matrix shuffling\04. Matrix shuffling.csproj", "{79127AA9-D2A8-4E02-B070-583CD0900760}"
EndProject
Project("{FAE04EC0-301F-11D3-BF4B-00C04F79EFBC}") = "05. Snake Moves", "05. Snake Moves\05. Snake Moves.csproj", "{A392A75C-814A-41D2-B61D-2396AB9ADCA9}"
EndProject
Project("{FAE04EC0-301F-11D3-BF4B-00C04F79EFBC}") = "06. Bomb the Basement", "06. Bomb the Basement\06. Bomb the Basement.csproj", "{D76F853F-C336-4AF7-8576-049B4C6445DC}"
EndProject
Project("{FAE04EC0-301F-11D3-BF4B-00C04F79EFBC}") = "07. Knight Game", "07. Knight Game\07. Knight Game.csproj", "{781D306F-B7BD-4338-95CF-644AD5BD2FBF}"
EndProject
Project("{FAE04EC0-301F-11D3-BF4B-00C04F79EFBC}") = "08. Bombs", "08. Bombs\08. Bombs.csproj", "{C4D73DA4-C37D-49AB-A120-5592F01476EF}"
EndProject
Project("{FAE04EC0-301F-11D3-BF4B-00C04F79EFBC}") = "09. Miner", "09. Miner\09. Miner.csproj", "{9CC342B2-6DF5-4973-BF11-57AA447FC39A}"
EndProject
Project("{FAE04EC0-301F-11D3-BF4B-00C04F79EFBC}") = "10. Radioactive Mutant Vampire Bunnies", "10. Radioactive Mutant Vampire Bunnies\10. Radioactive Mutant Vampire Bunnies.csproj", "{0DC3F61F-AF60-49E1-B56F-1C3ACE0105A5}"
EndProject
Global
	GlobalSection(SolutionConfigurationPlatforms) = preSolution
		Debug|Any CPU = Debug|Any CPU
		Release|Any CPU = Release|Any CPU
	EndGlobalSection
	GlobalSection(ProjectConfigurationPlatforms) = postSolution
		{FE1BE826-069F-40F9-B75A-931DB4A7BB7F}.Debug|Any CPU.ActiveCfg = Debug|Any CPU
		{FE1BE826-069F-40F9-B75A-931DB4A7BB7F}.Debug|Any CPU.Build.0 = Debug|Any CPU
		{FE1BE826-069F-40F9-B75A-931DB4A7BB7F}.Release|Any CPU.ActiveCfg = Release|Any CPU
		{FE1BE826-069F-40F9-B75A-931DB4A7BB7F}.Release|Any CPU.Build.0 = Release|Any CPU
		{D54CE133-D13D-4F65-9A50-3B47F4D14364}.Debug|Any CPU.ActiveCfg = Debug|Any CPU
		{D54CE133-D13D-4F65-9A50-3B47F4D14364}.Debug|Any CPU.Build.0 = Debug|Any CPU
		{D54CE133-D13D-4F65-9A50-3B47F4D14364}.Release|Any CPU.ActiveCfg = Release|Any CPU
		{D54CE133-D13D-4F65-9A50-3B47F4D14364}.Release|Any CPU.Build.0 = Release|Any CPU
		{8EA51A7B-155E-4E21-8A23-ED490A12372D}.Debug|Any CPU.ActiveCfg = Debug|Any CPU
		{8EA51A7B-155E-4E21-8A23-ED490A12372D}.Debug|Any CPU.Build.0 = Debug|Any CPU
		{8EA51A7B-155E-4E21-8A23-ED490A12372D}.Release|Any CPU.ActiveCfg = Release|Any CPU
		{8EA51A7B-155E-4E21-8A23-ED490A12372D}.Release|Any CPU.Build.0 = Release|Any CPU
		{79127AA9-D2A8-4E02-B070-583CD0900760}.Debug|Any CPU.ActiveCfg = Debug|Any CPU
		{79127AA9-D2A8-4E02-B070-583CD0900760}.Debug|Any CPU.Build.0 = Debug|Any CPU
		{79127AA9-D2A8-4E02-B070-583CD0900760}.Release|Any CPU.ActiveCfg = Release|Any CPU
		{79127AA9-D2A8-4E02-B070-583CD0900760}.Release|Any CPU.Build.0 = Release|Any CPU
		{A392A75C-814A-41D2-B61D-2396AB9ADCA9}.Debug|Any CPU.ActiveCfg = Debug|Any CPU
		{A392A75C-814A-41D2-B61D-2396AB9ADCA9}.Debug|Any CPU.Build.0 = Debug|Any CPU
		{A392A75C-814A-41D2-B61D-2396AB9ADCA9}.Release|Any CPU.ActiveCfg = Release|Any CPU
		{A392A75C-814A-41D2-B61D-2396AB9ADCA9}.Release|Any CPU.Build.0 = Release|Any CPU
		{D76F853F-C336-4AF7-8576-049B4C6445DC}.Debug|Any CPU.ActiveCfg = Debug|Any CPU
		{D76F853F-C336-4AF7-8576-049B4C6445DC}.Debug|Any CPU.Build.0 = Debug|Any CPU
		{D76F853F-C336-4AF7-8576-049B4C6445DC}.Release|Any CPU.ActiveCfg = Release|Any CPU
		{D76F853F-C336-4AF7-8576-049B4C6445DC}.Release|Any CPU.Build.0 = Release|Any CPU
		{781D306F-B7BD-4338-95CF-644AD5BD2FBF}.Debug|Any CPU.ActiveCfg = Debug|Any CPU
		{781D306F-B7BD-4338-95CF-644AD5BD2FBF}.Debug|Any CPU.Build.0 = Debug|Any CPU
		{781D306F-B7BD-4338-95CF-644AD5BD2FBF}.Release|Any CPU.ActiveCfg = Release|Any CPU
		{781D306F-B7BD-4338-95CF-644AD5BD2FBF}.Release|Any CPU.Build.0 = Release|Any CPU
		{C4D73DA4-C37D-49AB-A120-5592F01476EF}.Debug|Any CPU.ActiveCfg = Debug|Any CPU
		{C4D73DA4-C37D-49AB-A120-5592F01476EF}.Debug|Any CPU.Build.0 = Debug|Any CPU
		{C4D73DA4-C37D-49AB-A120-5592F01476EF}.Release|Any CPU.ActiveCfg = Release|Any CPU
		{C4D73DA4-C37D-49AB-A120-5592F01476EF}.Release|Any CPU.Build.0 = Release|Any CPU
		{9CC342B2-6DF5-4973-BF11-57AA447FC39A}.Debug|Any CPU.ActiveCfg = Debug|Any CPU
		{9CC342B2-6DF5-4973-BF11-57AA447FC39A}.Debug|Any CPU.Build.0 = Debug|Any CPU
		{9CC342B2-6DF5-4973-BF11-57AA447FC39A}.Release|Any CPU.ActiveCfg = Release|Any CPU
		{9CC342B2-6DF5-4973-BF11-57AA447FC39A}.Release|Any CPU.Build.0 = Release|Any CPU
		{0DC3F61F-AF60-49E1-B56F-1C3ACE0105A5}.Debug|Any CPU.ActiveCfg = Debug|Any CPU
		{0DC3F61F-AF60-49E1-B56F-1C3ACE0105A5}.Debug|Any CPU.Build.0 = Debug|Any CPU
		{0DC3F61F-AF60-49E1-B56F-1C3ACE0105A5}.Release|Any CPU.ActiveCfg = Release|Any CPU
		{0DC3F61F-AF60-49E1-B56F-1C3ACE0105A5}.Release|Any CPU.Build.0 = Release|Any CPU
	EndGlobalSection
	GlobalSection(SolutionProperties) = preSolution
		HideSolutionNode = FALSE
	EndGlobalSection
	GlobalSection(ExtensibilityGlobals) = postSolution
		SolutionGuid = {CDDBB5F3-476E-4E78-8EF5-91125A16213C}
	EndGlobalSection
EndGlobal
