
Microsoft Visual Studio Solution File, Format Version 12.00
# Visual Studio 15
VisualStudioVersion = 15.0.28307.136
MinimumVisualStudioVersion = 10.0.40219.1
Project("{FAE04EC0-301F-11D3-BF4B-00C04F79EFBC}") = "01. Recursive Array Sum", "01. Recursive Array Sum\01. Recursive Array Sum.csproj", "{56569DE2-9188-4DD7-9659-F9C1E1518BB6}"
EndProject
Project("{FAE04EC0-301F-11D3-BF4B-00C04F79EFBC}") = "02. Recursive Factorial", "02. Recursive Factorial\02. Recursive Factorial.csproj", "{464346A8-17F3-4ECD-B634-ACA6E2E78E59}"
EndProject
Project("{FAE04EC0-301F-11D3-BF4B-00C04F79EFBC}") = "03. Recursive Drawing", "03. Recursive Drawing\03. Recursive Drawing.csproj", "{3A111EB2-13C6-4E16-8A24-2A8378FCC343}"
EndProject
Project("{FAE04EC0-301F-11D3-BF4B-00C04F79EFBC}") = "4. Generating 0-1 Vectors", "4. Generating 0-1 Vectors\4. Generating 0-1 Vectors.csproj", "{185394E8-1AE1-4576-AF22-291CA9382257}"
EndProject
Global
	GlobalSection(SolutionConfigurationPlatforms) = preSolution
		Debug|Any CPU = Debug|Any CPU
		Release|Any CPU = Release|Any CPU
	EndGlobalSection
	GlobalSection(ProjectConfigurationPlatforms) = postSolution
		{56569DE2-9188-4DD7-9659-F9C1E1518BB6}.Debug|Any CPU.ActiveCfg = Debug|Any CPU
		{56569DE2-9188-4DD7-9659-F9C1E1518BB6}.Debug|Any CPU.Build.0 = Debug|Any CPU
		{56569DE2-9188-4DD7-9659-F9C1E1518BB6}.Release|Any CPU.ActiveCfg = Release|Any CPU
		{56569DE2-9188-4DD7-9659-F9C1E1518BB6}.Release|Any CPU.Build.0 = Release|Any CPU
		{464346A8-17F3-4ECD-B634-ACA6E2E78E59}.Debug|Any CPU.ActiveCfg = Debug|Any CPU
		{464346A8-17F3-4ECD-B634-ACA6E2E78E59}.Debug|Any CPU.Build.0 = Debug|Any CPU
		{464346A8-17F3-4ECD-B634-ACA6E2E78E59}.Release|Any CPU.ActiveCfg = Release|Any CPU
		{464346A8-17F3-4ECD-B634-ACA6E2E78E59}.Release|Any CPU.Build.0 = Release|Any CPU
		{3A111EB2-13C6-4E16-8A24-2A8378FCC343}.Debug|Any CPU.ActiveCfg = Debug|Any CPU
		{3A111EB2-13C6-4E16-8A24-2A8378FCC343}.Debug|Any CPU.Build.0 = Debug|Any CPU
		{3A111EB2-13C6-4E16-8A24-2A8378FCC343}.Release|Any CPU.ActiveCfg = Release|Any CPU
		{3A111EB2-13C6-4E16-8A24-2A8378FCC343}.Release|Any CPU.Build.0 = Release|Any CPU
		{185394E8-1AE1-4576-AF22-291CA9382257}.Debug|Any CPU.ActiveCfg = Debug|Any CPU
		{185394E8-1AE1-4576-AF22-291CA9382257}.Debug|Any CPU.Build.0 = Debug|Any CPU
		{185394E8-1AE1-4576-AF22-291CA9382257}.Release|Any CPU.ActiveCfg = Release|Any CPU
		{185394E8-1AE1-4576-AF22-291CA9382257}.Release|Any CPU.Build.0 = Release|Any CPU
	EndGlobalSection
	GlobalSection(SolutionProperties) = preSolution
		HideSolutionNode = FALSE
	EndGlobalSection
	GlobalSection(ExtensibilityGlobals) = postSolution
		SolutionGuid = {32A079FE-090D-4EDC-BB66-B0C8A326E70C}
	EndGlobalSection
EndGlobal
