
Microsoft Visual Studio Solution File, Format Version 12.00
# Visual Studio 15
VisualStudioVersion = 15.0.28307.136
MinimumVisualStudioVersion = 10.0.40219.1
Project("{FAE04EC0-301F-11D3-BF4B-00C04F79EFBC}") = "01. Car", "01. Car\01. Car.csproj", "{DCE35DE2-C1DF-4B27-88AF-E1AA4D2E1991}"
EndProject
Project("{FAE04EC0-301F-11D3-BF4B-00C04F79EFBC}") = "02. Car Extension", "02. Car Extension\02. Car Extension.csproj", "{3A1F5F43-AA1C-48CD-B194-F94E932544E4}"
EndProject
Project("{FAE04EC0-301F-11D3-BF4B-00C04F79EFBC}") = "04. Car Engine And Tires", "04. Car Engine And Tires\04. Car Engine And Tires.csproj", "{658A0493-D6B3-4F5E-94D6-579EBA0F87A1}"
EndProject
Project("{FAE04EC0-301F-11D3-BF4B-00C04F79EFBC}") = "03. Car Constructors", "03. Car Constructors\03. Car Constructors.csproj", "{1FE20E5C-846E-48F0-8632-2BC9CAC064D3}"
EndProject
Project("{FAE04EC0-301F-11D3-BF4B-00C04F79EFBC}") = "05. Special Cars", "05. Special Cars\05. Special Cars.csproj", "{61861686-1E2B-44BF-B7E7-1B83F52EE5C0}"
EndProject
Global
	GlobalSection(SolutionConfigurationPlatforms) = preSolution
		Debug|Any CPU = Debug|Any CPU
		Release|Any CPU = Release|Any CPU
	EndGlobalSection
	GlobalSection(ProjectConfigurationPlatforms) = postSolution
		{DCE35DE2-C1DF-4B27-88AF-E1AA4D2E1991}.Debug|Any CPU.ActiveCfg = Debug|Any CPU
		{DCE35DE2-C1DF-4B27-88AF-E1AA4D2E1991}.Debug|Any CPU.Build.0 = Debug|Any CPU
		{DCE35DE2-C1DF-4B27-88AF-E1AA4D2E1991}.Release|Any CPU.ActiveCfg = Release|Any CPU
		{DCE35DE2-C1DF-4B27-88AF-E1AA4D2E1991}.Release|Any CPU.Build.0 = Release|Any CPU
		{3A1F5F43-AA1C-48CD-B194-F94E932544E4}.Debug|Any CPU.ActiveCfg = Debug|Any CPU
		{3A1F5F43-AA1C-48CD-B194-F94E932544E4}.Debug|Any CPU.Build.0 = Debug|Any CPU
		{3A1F5F43-AA1C-48CD-B194-F94E932544E4}.Release|Any CPU.ActiveCfg = Release|Any CPU
		{3A1F5F43-AA1C-48CD-B194-F94E932544E4}.Release|Any CPU.Build.0 = Release|Any CPU
		{658A0493-D6B3-4F5E-94D6-579EBA0F87A1}.Debug|Any CPU.ActiveCfg = Debug|Any CPU
		{658A0493-D6B3-4F5E-94D6-579EBA0F87A1}.Debug|Any CPU.Build.0 = Debug|Any CPU
		{658A0493-D6B3-4F5E-94D6-579EBA0F87A1}.Release|Any CPU.ActiveCfg = Release|Any CPU
		{658A0493-D6B3-4F5E-94D6-579EBA0F87A1}.Release|Any CPU.Build.0 = Release|Any CPU
		{1FE20E5C-846E-48F0-8632-2BC9CAC064D3}.Debug|Any CPU.ActiveCfg = Debug|Any CPU
		{1FE20E5C-846E-48F0-8632-2BC9CAC064D3}.Debug|Any CPU.Build.0 = Debug|Any CPU
		{1FE20E5C-846E-48F0-8632-2BC9CAC064D3}.Release|Any CPU.ActiveCfg = Release|Any CPU
		{1FE20E5C-846E-48F0-8632-2BC9CAC064D3}.Release|Any CPU.Build.0 = Release|Any CPU
		{61861686-1E2B-44BF-B7E7-1B83F52EE5C0}.Debug|Any CPU.ActiveCfg = Debug|Any CPU
		{61861686-1E2B-44BF-B7E7-1B83F52EE5C0}.Debug|Any CPU.Build.0 = Debug|Any CPU
		{61861686-1E2B-44BF-B7E7-1B83F52EE5C0}.Release|Any CPU.ActiveCfg = Release|Any CPU
		{61861686-1E2B-44BF-B7E7-1B83F52EE5C0}.Release|Any CPU.Build.0 = Release|Any CPU
	EndGlobalSection
	GlobalSection(SolutionProperties) = preSolution
		HideSolutionNode = FALSE
	EndGlobalSection
	GlobalSection(ExtensibilityGlobals) = postSolution
		SolutionGuid = {BA79A193-B666-4B9D-B94A-E59441920D3E}
	EndGlobalSection
EndGlobal
